{
  "name": "@mingm/newman-reporter-line",
  "version": "1.0.0",
  "lockfileVersion": 2,
  "requires": true,
  "packages": {
    "": {
      "name": "@mingm/newman-reporter-line",
      "version": "1.0.0",
      "license": "MIT",
      "dependencies": {
        "axios": "^0.26.1",
        "follow-redirects": "^1.15.2",
        "line-notify-nodejs": "^1.0.1",
        "parse-ms": "^1.0.1",
        "prettier": "^1.18.2",
        "pretty-ms": "^3.2.0"
      },
      "devDependencies": {}
    },
    "node_modules/axios": {
      "version": "0.26.1",
      "resolved": "https://registry.npmjs.org/axios/-/axios-0.26.1.tgz",
      "integrity": "sha512-fPwcX4EvnSHuInCMItEhAGnaSEXRBjtzh9fOtsE6E1G6p7vl7edEeZe11QHf18+6+9gR5PbKV/sGKNaD8YaMeA==",
      "dependencies": {
        "follow-redirects": "^1.14.8"
      }
    },
    "node_modules/follow-redirects": {
      "version": "1.15.2",
      "resolved": "https://registry.npmjs.org/follow-redirects/-/follow-redirects-1.15.2.tgz",
      "integrity": "sha512-VQLG33o04KaQ8uYi2tVNbdrWp1QWxNNea+nmIB4EVM28v0hmP17z7aG1+wAkNzVq4KeXTq3221ye5qTJP91JwA==",
      "funding": [
        {
          "type": "individual",
          "url": "https://github.com/sponsors/RubenVerborgh"
        }
      ],
      "engines": {
        "node": ">=4.0"
      },
      "peerDependenciesMeta": {
        "debug": {
          "optional": true
        }
      }
    },
    "node_modules/line-notify-nodejs": {
      "version": "1.0.1",
      "resolved": "https://registry.npmjs.org/line-notify-nodejs/-/line-notify-nodejs-1.0.1.tgz",
      "integrity": "sha512-pqMmFa+VFo0swA7iOmTDCU6couJidLD69XlQPazB4dCRnOTUFxVdQOw77iXOSPh/vFM90EyEaeJg/fX4Fq1E7Q==",
      "dependencies": {
        "axios": "^0.26.1"
      }
    },
    "node_modules/parse-ms": {
      "version": "1.0.1",
      "resolved": "https://registry.npmjs.org/parse-ms/-/parse-ms-1.0.1.tgz",
      "integrity": "sha1-VjRtR0nXjyNDDKDHE4UK75GqNh0=",
      "engines": {
        "node": ">=0.10.0"
      }
    },
    "node_modules/prettier": {
      "version": "1.18.2",
      "resolved": "https://registry.npmjs.org/prettier/-/prettier-1.18.2.tgz",
      "integrity": "sha512-OeHeMc0JhFE9idD4ZdtNibzY0+TPHSpSSb9h8FqtP+YnoZZ1sl8Vc9b1sasjfymH3SonAF4QcA2+mzHPhMvIiw==",
      "bin": {
        "prettier": "bin-prettier.js"
      },
      "engines": {
        "node": ">=4"
      }
    },
    "node_modules/pretty-ms": {
      "version": "3.2.0",
      "resolved": "https://registry.npmjs.org/pretty-ms/-/pretty-ms-3.2.0.tgz",
      "integrity": "sha512-ZypexbfVUGTFxb0v+m1bUyy92DHe5SyYlnyY0msyms5zd3RwyvNgyxZZsXXgoyzlxjx5MiqtXUdhUfvQbe0A2Q==",
      "dependencies": {
        "parse-ms": "^1.0.0"
      },
      "engines": {
        "node": ">=4"
      }
    }
  },
  "dependencies": {
    "axios": {
      "version": "0.26.1",
      "resolved": "https://registry.npmjs.org/axios/-/axios-0.26.1.tgz",
      "integrity": "sha512-fPwcX4EvnSHuInCMItEhAGnaSEXRBjtzh9fOtsE6E1G6p7vl7edEeZe11QHf18+6+9gR5PbKV/sGKNaD8YaMeA==",
      "requires": {
        "follow-redirects": "^1.14.8"
      }
    },
    "follow-redirects": {
      "version": "1.15.2",
      "resolved": "https://registry.npmjs.org/follow-redirects/-/follow-redirects-1.15.2.tgz",
      "integrity": "sha512-VQLG33o04KaQ8uYi2tVNbdrWp1QWxNNea+nmIB4EVM28v0hmP17z7aG1+wAkNzVq4KeXTq3221ye5qTJP91JwA=="
    },
    "line-notify-nodejs": {
      "version": "1.0.1",
      "resolved": "https://registry.npmjs.org/line-notify-nodejs/-/line-notify-nodejs-1.0.1.tgz",
      "integrity": "sha512-pqMmFa+VFo0swA7iOmTDCU6couJidLD69XlQPazB4dCRnOTUFxVdQOw77iXOSPh/vFM90EyEaeJg/fX4Fq1E7Q==",
      "requires": {
        "axios": "^0.26.1"
      }
    },
    "parse-ms": {
      "version": "1.0.1",
      "resolved": "https://registry.npmjs.org/parse-ms/-/parse-ms-1.0.1.tgz",
      "integrity": "sha1-VjRtR0nXjyNDDKDHE4UK75GqNh0="
    },
    "prettier": {
      "version": "1.18.2",
      "resolved": "https://registry.npmjs.org/prettier/-/prettier-1.18.2.tgz",
      "integrity": "sha512-OeHeMc0JhFE9idD4ZdtNibzY0+TPHSpSSb9h8FqtP+YnoZZ1sl8Vc9b1sasjfymH3SonAF4QcA2+mzHPhMvIiw=="
    },
    "pretty-ms": {
      "version": "3.2.0",
      "resolved": "https://registry.npmjs.org/pretty-ms/-/pretty-ms-3.2.0.tgz",
      "integrity": "sha512-ZypexbfVUGTFxb0v+m1bUyy92DHe5SyYlnyY0msyms5zd3RwyvNgyxZZsXXgoyzlxjx5MiqtXUdhUfvQbe0A2Q==",
      "requires": {
        "parse-ms": "^1.0.0"
      }
    }
  }
}
